
Microsoft Visual Studio Solution File, Format Version 12.00
# Visual Studio Version 17
VisualStudioVersion = 17.14.36301.6 d17.14
MinimumVisualStudioVersion = 10.0.40219.1
Project("{FAE04EC0-301F-11D3-BF4B-00C04F79EFBC}") = "ResumeBuilderAnalyzer", "ResumeBuilderAnalyzer\ResumeBuilderAnalyzer.csproj", "{8668468F-A6A6-42BD-BCF9-D7FB950D59BB}"
EndProject
Global
	GlobalSection(SolutionConfigurationPlatforms) = preSolution
		Debug|Any CPU = Debug|Any CPU
		Release|Any CPU = Release|Any CPU
	EndGlobalSection
	GlobalSection(ProjectConfigurationPlatforms) = postSolution
		{8668468F-A6A6-42BD-BCF9-D7FB950D59BB}.Debug|Any CPU.ActiveCfg = Debug|Any CPU
		{8668468F-A6A6-42BD-BCF9-D7FB950D59BB}.Debug|Any CPU.Build.0 = Debug|Any CPU
		{8668468F-A6A6-42BD-BCF9-D7FB950D59BB}.Release|Any CPU.ActiveCfg = Release|Any CPU
		{8668468F-A6A6-42BD-BCF9-D7FB950D59BB}.Release|Any CPU.Build.0 = Release|Any CPU
	EndGlobalSection
	GlobalSection(SolutionProperties) = preSolution
		HideSolutionNode = FALSE
	EndGlobalSection
	GlobalSection(ExtensibilityGlobals) = postSolution
		SolutionGuid = {221EC457-1EED-4F8B-843C-C2EBDF2BF96A}
	EndGlobalSection
EndGlobal
